{
  "name": "office-addin-taskpane-react",
  "version": "0.0.1",
  "lockfileVersion": 1,
  "requires": true,
  "dependencies": {
    "@babel/core": {
      "version": "7.4.4",
      "resolved": "https://registry.npmjs.org/@babel/core/-/core-7.4.4.tgz",
      "integrity": "sha512-lQgGX3FPRgbz2SKmhMtYgJvVzGZrmjaF4apZ2bLwofAKiSjxU0drPh4S/VasyYXwaTs+A1gvQ45BN8SQJzHsQQ==",
      "dev": true,
      "dependencies": {
        "json5": {
          "version": "2.1.0",
          "resolved": "https://registry.npmjs.org/json5/-/json5-2.1.0.tgz",
          "integrity": "sha512-8Mh9h6xViijj36g7Dxi+Y4S6hNGV96vcJZr/SrlHh1LR/pEn/8j/+qIBbs44YKl69Lrfctp4QD+AdWLTMqEZAQ=="
        },
        "minimist": {
          "version": "1.2.0",
          "resolved": "https://registry.npmjs.org/minimist/-/minimist-1.2.0.tgz",
          "integrity": "sha1-o1AIsg9BOD7sH7kU9M1d95omQoQ="
        },
        "source-map": {
          "version": "0.5.7",
          "resolved": "https://registry.npmjs.org/source-map/-/source-map-0.5.7.tgz",
          "integrity": "sha1-igOdLRAh0i0eoUyA2OpGi6LvP8w="
        }
      }
    },
    "@types/es6-collections": {
      "version": "0.5.31",
      "resolved": "https://registry.npmjs.org/@types/es6-collections/-/es6-collections-0.5.31.tgz",
      "integrity": "sha512-djEvbdTH5Uw7V0WqdMQLG4NK3+iu/FMZy/ylyhWEFnW5xOsXEWpivo/dhP+cR43Az+ipytza7dTSnpsWCxKYAw==",
      "dev": true
    },
    "@types/es6-promise": {
      "version": "0.0.32",
      "resolved": "https://registry.npmjs.org/@types/es6-promise/-/es6-promise-0.0.32.tgz",
      "integrity": "sha1-O89E+x5Cnz33YYjIxth0Rjujcf0=",
      "dev": true
    },
    "@types/fbemitter": {
      "version": "2.0.32",
      "resolved": "https://registry.npmjs.org/@types/fbemitter/-/fbemitter-2.0.32.tgz",
      "integrity": "sha512-Hwq28bBlbmfCgLnNJvjl5ssTrbZCTSblI4vqPpqZrbbEL8vn5l2UivxhlMYfUY7a4SR8UB6RKoLjOZfljqAa6g=="
    },
    "@types/flux": {
      "version": "3.1.11",
      "resolved": "https://registry.npmjs.org/@types/flux/-/flux-3.1.11.tgz",
      "integrity": "sha512-Aq4UB1ZqAKcPbhB0GpgMw2sntvOh71he9tjz53TLKrI7rw3Y3LxCW5pTYY9IV455hQapm4pmxFjpqlWOs308Yg==",
      "requires": {
        "@types/fbemitter": "*",
        "@types/react": "*"
      }
    },
    "@types/office-js": {
      "version": "1.0.10",
      "resolved": "https://registry.npmjs.org/@types/office-js/-/office-js-1.0.10.tgz",
      "integrity": "sha512-ttuW4MjJf1jlMAIzM5T78d7M/iENsTktY8bIteA/fVBZCqbyjRwzQ/yD1V5n4yaVmslNLz16ut3LFNszoYX7Qg==",
      "dev": true
    },
    "@types/office-runtime": {
      "version": "1.0.8",
      "resolved": "https://registry.npmjs.org/@types/office-runtime/-/office-runtime-1.0.8.tgz",
      "integrity": "sha512-2kIN84THy5/ZxLB+WIFh54kGGTFxLVNrwmlCVX/rBSD/aL5xtr5MmNlvoXocBIiC/3VIyeCVfjyNQmRmERr7kg==",
      "dev": true
    },
    "@types/react": {
      "version": "16.8.10",
      "resolved": "https://registry.npmjs.org/@types/react/-/react-16.8.10.tgz",
      "integrity": "sha512-7bUQeZKP4XZH/aB4i7k1i5yuwymDu/hnLMhD9NjVZvQQH7ZUgRN3d6iu8YXzx4sN/tNr0bj8jgguk8hhObzGvA=="
    },
    "@types/react-dom": {
      "version": "16.8.3",
      "resolved": "https://registry.npmjs.org/@types/react-dom/-/react-dom-16.8.3.tgz",
      "integrity": "sha512-HF5hD5YR3z9Mn6kXcW1VKe4AQ04ZlZj1EdLBae61hzQ3eEWWxMgNLUbIxeZp40BnSxqY1eAYLsH9QopQcxzScA==",
      "dev": true
    },
    "@types/react-hot-loader": {
      "version": "4.1.0",
      "resolved": "https://registry.npmjs.org/@types/react-hot-loader/-/react-hot-loader-4.1.0.tgz",
      "integrity": "sha512-N/+Ua6kSrehJ5vpu4b2tAG4NjMcXQPlStnkUzjNlPokae97sUDtj096WlgN3ApefCvggPjJPP5iutyZ5dKBNPQ==",
      "dev": true
    },
    "@types/webpack": {
      "version": "4.4.22",
      "resolved": "https://registry.npmjs.org/@types/webpack/-/webpack-4.4.22.tgz",
      "integrity": "sha512-PxAAzli3krZX9rCeONSR5Z9v4CR/2HPsKsiVRFNDo9OZefN+dTemteMHZnYkddOu4bqoYqJTJ724gLy0ZySXOw==",
      "dev": true
    },
    "@types/webpack-dev-server": {
      "version": "3.1.1",
      "resolved": "https://registry.npmjs.org/@types/webpack-dev-server/-/webpack-dev-server-3.1.1.tgz",
      "integrity": "sha512-TnEQPT+OZjWV2kRyNs0RPMDQmBCiLrr/ZhKSgFNF6aM4O/moUAfo2Yu3MIMUjoi3aE/02RH1iVR+Y6mWmXOlVA==",
      "dev": true
    },
    "babel-loader": {
      "version": "8.0.6",
      "resolved": "https://registry.npmjs.org/babel-loader/-/babel-loader-8.0.6.tgz",
      "integrity": "sha512-4BmWKtBOBm13uoUwd08UwjZlaw3O9GWf456R9j+5YykFZ6LUIjIKLc0zEZf+hauxPOJs96C8k6FvYD09vWzhYw==",
      "dev": true,
      "dependencies": {
        "pify": {
          "version": "4.0.1",
          "resolved": "https://registry.npmjs.org/pify/-/pify-4.0.1.tgz",
          "integrity": "sha512-uB80kBFb/tfd68bVleG9T5GGsGPjJrLAUpR5PZIrhBnIaRTQRjqdJSsIKkOP6OAIFbj7GOrcudc5pNjZ+geV2g=="
        }
      }
    },
    "clean-webpack-plugin": {
      "version": "3.0.0",
      "resolved": "https://registry.npmjs.org/clean-webpack-plugin/-/clean-webpack-plugin-3.0.0.tgz",
      "integrity": "sha512-MciirUH5r+cYLGCOL5JX/ZLzOZbVr1ot3Fw+KcvbhUb6PM+yycqd9ZhIlcigQ5gl+XhppNmw3bEFuaaMNyLj3A==",
      "dev": true,
      "dependencies": {
        "@types/webpack": {
          "version": "4.4.32",
          "resolved": "https://registry.npmjs.org/@types/webpack/-/webpack-4.4.32.tgz",
          "integrity": "sha512-mNARoaSJTzbiHxtZbf9NULFilu2frqD+g9Iyl9V2jPYJWXi+AC3Hz8lQWPZ5LLtgUm7iF4SDDMB/1bPrbRQgFw=="
        }
      }
    },
    "copy-webpack-plugin": {
      "version": "5.0.3",
      "resolved": "https://registry.npmjs.org/copy-webpack-plugin/-/copy-webpack-plugin-5.0.3.tgz",
      "integrity": "sha512-PlZRs9CUMnAVylZq+vg2Juew662jWtwOXOqH4lbQD9ZFhRG9R7tVStOgHt21CBGVq7k5yIJaz8TXDLSjV+Lj8Q==",
      "dev": true,
      "dependencies": {
        "globby": {
          "version": "7.1.1",
          "resolved": "https://registry.npmjs.org/globby/-/globby-7.1.1.tgz",
          "integrity": "sha1-+yzP+UAfhgCUXfral0QMypcrhoA="
        },
        "schema-utils": {
          "version": "1.0.0",
          "resolved": "https://registry.npmjs.org/schema-utils/-/schema-utils-1.0.0.tgz",
          "integrity": "sha512-i27Mic4KovM/lnGsy8whRCHhc7VicJajAjTrYg11K9zfZXnYIt4k5F+kZkwjnrhKzLic/HLU4j11mjsz2G/75g=="
        }
      }
    },
    "core-js": {
      "version": "2.6.5",
      "resolved": "https://registry.npmjs.org/core-js/-/core-js-2.6.5.tgz",
      "integrity": "sha512-klh/kDpwX8hryYL14M9w/xei6vrv6sE8gTHDG7/T/+SEovB/G4ejwcfE/CBzO6Edsu+OETZMZ3wcX/EjUkrl5A=="
    },
    "css-loader": {
      "version": "2.1.1",
      "resolved": "https://registry.npmjs.org/css-loader/-/css-loader-2.1.1.tgz",
      "integrity": "sha512-OcKJU/lt232vl1P9EEDamhoO9iKY3tIjY5GU+XDLblAykTdgs6Ux9P1hTHve8nFKy5KPpOXOsVI/hIwi3841+w==",
      "dev": true,
      "dependencies": {
        "schema-utils": {
          "version": "1.0.0",
          "resolved": "https://registry.npmjs.org/schema-utils/-/schema-utils-1.0.0.tgz",
          "integrity": "sha512-i27Mic4KovM/lnGsy8whRCHhc7VicJajAjTrYg11K9zfZXnYIt4k5F+kZkwjnrhKzLic/HLU4j11mjsz2G/75g=="
        }
      }
    },
    "es6-promise": {
      "version": "4.2.6",
      "resolved": "https://registry.npmjs.org/es6-promise/-/es6-promise-4.2.6.tgz",
      "integrity": "sha512-aRVgGdnmW2OiySVPUC9e6m+plolMAJKjZnQlCwNSuK5yQ0JN61DZSO1X1Ufd1foqWRAlig0rhduTCHe7sVtK5Q=="
    },
    "extract-text-webpack-plugin": {
      "version": "4.0.0-beta.0",
      "resolved": "https://registry.npmjs.org/extract-text-webpack-plugin/-/extract-text-webpack-plugin-4.0.0-beta.0.tgz",
      "integrity": "sha512-Hypkn9jUTnFr0DpekNam53X47tXn3ucY08BQumv7kdGgeVUBLq3DJHJTi6HNxv4jl9W+Skxjz9+RnK0sJyqqjA==",
      "dev": true
    },
    "file-loader": {
      "version": "3.0.1",
      "resolved": "https://registry.npmjs.org/file-loader/-/file-loader-3.0.1.tgz",
      "integrity": "sha512-4sNIOXgtH/9WZq4NvlfU3Opn5ynUsqBwSLyM+I7UOwdGigTBYfVVQEwe/msZNX/j4pCJTIM14Fsw66Svo1oVrw==",
      "dev": true,
      "dependencies": {
        "schema-utils": {
          "version": "1.0.0",
          "resolved": "https://registry.npmjs.org/schema-utils/-/schema-utils-1.0.0.tgz",
          "integrity": "sha512-i27Mic4KovM/lnGsy8whRCHhc7VicJajAjTrYg11K9zfZXnYIt4k5F+kZkwjnrhKzLic/HLU4j11mjsz2G/75g=="
        }
      }
    },
    "flux": {
      "version": "3.1.3",
      "resolved": "https://registry.npmjs.org/flux/-/flux-3.1.3.tgz",
      "integrity": "sha1-0jvtUVp5oi2TOrU6tK2hnQWy8Io="
    },
    "html-loader": {
      "version": "0.5.5",
      "resolved": "https://registry.npmjs.org/html-loader/-/html-loader-0.5.5.tgz",
      "integrity": "sha512-7hIW7YinOYUpo//kSYcPB6dCKoceKLmOwjEMmhIobHuWGDVl0Nwe4l68mdG/Ru0wcUxQjVMEoZpkalZ/SE7zog==",
      "dev": true
    },
    "html-webpack-plugin": {
      "version": "3.2.0",
      "resolved": "https://registry.npmjs.org/html-webpack-plugin/-/html-webpack-plugin-3.2.0.tgz",
      "integrity": "sha1-sBq71yOsqqeze2r0SS69oD2d03s=",
      "dev": true,
      "dependencies": {
        "big.js": {
          "version": "3.2.0",
          "resolved": "https://registry.npmjs.org/big.js/-/big.js-3.2.0.tgz",
          "integrity": "sha512-+hN/Zh2D08Mx65pZ/4g5bsmNiZUuChDiQfTUQ7qJr4/kuopCr88xZsAXv6mBoZEsUI4OuGHlX59qE94K2mMW8Q=="
        },
        "json5": {
          "version": "0.5.1",
          "resolved": "https://registry.npmjs.org/json5/-/json5-0.5.1.tgz",
          "integrity": "sha1-Hq3nrMASA0rYTiOWdn6tn6VJWCE="
        },
        "loader-utils": {
          "version": "0.2.17",
          "resolved": "https://registry.npmjs.org/loader-utils/-/loader-utils-0.2.17.tgz",
          "integrity": "sha1-+G5jdNQyBabmxg6RlvF8Apm/s0g="
        }
      }
    },
    "less": {
      "version": "3.9.0",
      "resolved": "https://registry.npmjs.org/less/-/less-3.9.0.tgz",
      "integrity": "sha512-31CmtPEZraNUtuUREYjSqRkeETFdyEHSEPAGq4erDlUXtda7pzNmctdljdIagSb589d/qXGWiiP31R5JVf+v0w==",
      "dev": true,
      "dependencies": {
        "clone": {
          "version": "2.1.2",
          "resolved": "https://registry.npmjs.org/clone/-/clone-2.1.2.tgz",
          "integrity": "sha1-G39Ln1kfHo+DZwQBYANFoCiHQ18="
        }
      }
    },
    "less-loader": {
      "version": "4.1.0",
      "resolved": "https://registry.npmjs.org/less-loader/-/less-loader-4.1.0.tgz",
      "integrity": "sha512-KNTsgCE9tMOM70+ddxp9yyt9iHqgmSs0yTZc5XH5Wo+g80RWRIYNqE58QJKm/yMud5wZEvz50ugRDuzVIkyahg==",
      "dev": true,
      "dependencies": {
        "clone": {
          "version": "2.1.2",
          "resolved": "https://registry.npmjs.org/clone/-/clone-2.1.2.tgz",
          "integrity": "sha1-G39Ln1kfHo+DZwQBYANFoCiHQ18="
        }
      }
    },
    "office-addin-debugging": {
      "version": "2.3.0",
      "resolved": "https://registry.npmjs.org/office-addin-debugging/-/office-addin-debugging-2.3.0.tgz",
      "integrity": "sha512-iOP51O5jqnsA8LHllfLdw2JlrPsG9Hfoz3FU3yRCaGBACqBJEfwPRdiJvGFu7ZLcMZTOTNAk1ThMOIfWRI9IuA==",
      "dev": true,
      "dependencies": {
        "commander": {
          "version": "2.20.0",
          "resolved": "https://registry.npmjs.org/commander/-/commander-2.20.0.tgz",
          "integrity": "sha512-7j2y+40w61zy6YC2iRNpUe/NwhNyoXrYpHMrSunaMG64nRnaf96zO/KMQR4OyN/UnE5KLyEBnKHd4aG3rskjpQ=="
        }
      }
    },
    "office-addin-dev-certs": {
      "version": "1.2.4",
      "resolved": "https://registry.npmjs.org/office-addin-dev-certs/-/office-addin-dev-certs-1.2.4.tgz",
      "integrity": "sha512-3jCGjtaJEwRlkbqUguUiuBg2e44MbhMDp4Sj/11/DhdmN86BYKWlLnsj5dVtz0gWPu0B1Vi26q67GYPeOZQC7Q==",
      "dev": true,
      "dependencies": {
        "commander": {
          "version": "2.20.0",
          "resolved": "https://registry.npmjs.org/commander/-/commander-2.20.0.tgz",
          "integrity": "sha512-7j2y+40w61zy6YC2iRNpUe/NwhNyoXrYpHMrSunaMG64nRnaf96zO/KMQR4OyN/UnE5KLyEBnKHd4aG3rskjpQ=="
        },
        "fs-extra": {
          "version": "7.0.1",
          "resolved": "https://registry.npmjs.org/fs-extra/-/fs-extra-7.0.1.tgz",
          "integrity": "sha512-YJDaCJZEnBmcbw13fvdAM9AwNOJwOzrE4pqMqBq5nFiEqXUqHwlK4B+3pUw6JNvfSPtX05xFHtYy/1ni01eGCw=="
        },
        "jsonfile": {
          "version": "4.0.0",
          "resolved": "https://registry.npmjs.org/jsonfile/-/jsonfile-4.0.0.tgz",
          "integrity": "sha1-h3Gq4HmbZAdrdmQPygWPnBDjPss="
        }
      }
    },
    "office-toolbox": {
      "version": "0.1.1",
      "resolved": "https://registry.npmjs.org/office-toolbox/-/office-toolbox-0.1.1.tgz",
      "integrity": "sha512-0ne0qaQWGBlX9DyIH7hZ9tnIP4Vq0Wg6mvfuyPfKzn8TopaB42PQOeJhROCD2kDt2DzSDksKalM+2oYr/lmrwQ==",
      "dev": true,
      "dependencies": {
        "ansi-styles": {
          "version": "3.2.1",
          "resolved": "https://registry.npmjs.org/ansi-styles/-/ansi-styles-3.2.1.tgz",
          "integrity": "sha512-VT0ZI6kZRdTh8YyJw3SMbYm/u+NqfsAxEpWO0Pf9sq8/e94WxxOpPKx9FR1FlyCtOVDNOQ+8ntlqFxiRc+r5qA=="
        },
        "chalk": {
          "version": "2.4.2",
          "resolved": "https://registry.npmjs.org/chalk/-/chalk-2.4.2.tgz",
          "integrity": "sha512-Mti+f9lpJNcwF4tWV8/OrTTtF1gZi+f8FqlyAdouralcFWFQWF2+NgCHShjkCb+IFBLq9buZwE1xckQU4peSuQ=="
        },
        "commander": {
          "version": "2.19.0",
          "resolved": "https://registry.npmjs.org/commander/-/commander-2.19.0.tgz",
          "integrity": "sha512-6tvAOO+D6OENvRAh524Dh9jcfKTYDQAqvqezbCW82xj5X0pSrcpxtvRKHLG0yBY6SD7PSDrJaj+0AiOcKVd1Xg=="
        },
        "has-flag": {
          "version": "3.0.0",
          "resolved": "https://registry.npmjs.org/has-flag/-/has-flag-3.0.0.tgz",
          "integrity": "sha1-tdRU3CGZriJWmfNGfloH87lVuv0="
        },
        "supports-color": {
          "version": "5.5.0",
          "resolved": "https://registry.npmjs.org/supports-color/-/supports-color-5.5.0.tgz",
          "integrity": "sha512-QjVjwdXIt408MIiAqCX4oUKsgU2EqAGzs2Ppkm4aQYbjm+ZEWEcW4SfFNTr4uMNZma0ey4f5lgLrkB0aX0QMow=="
        }
      }
    },
    "office-ui-fabric-react": {
      "version": "6.162.1",
      "resolved": "https://registry.npmjs.org/office-ui-fabric-react/-/office-ui-fabric-react-6.162.1.tgz",
      "integrity": "sha512-jZqlrm2co5LYKgjhJUt6AmLMZj1tqEUh2hvMehNhPbArMoQmjJZJAVUZV0QgtvSTZ1k9jaBCqNeLxQFvElZMDg=="
    },
    "postcss-loader": {
      "version": "3.0.0",
      "resolved": "https://registry.npmjs.org/postcss-loader/-/postcss-loader-3.0.0.tgz",
      "integrity": "sha512-cLWoDEY5OwHcAjDnkyRQzAXfs2jrKjXpO/HQFcc5b5u/r7aa471wdmChmwfnv7x2u840iat/wi0lQ5nbRgSkUA==",
      "dev": true,
      "dependencies": {
        "schema-utils": {
          "version": "1.0.0",
          "resolved": "https://registry.npmjs.org/schema-utils/-/schema-utils-1.0.0.tgz",
          "integrity": "sha512-i27Mic4KovM/lnGsy8whRCHhc7VicJajAjTrYg11K9zfZXnYIt4k5F+kZkwjnrhKzLic/HLU4j11mjsz2G/75g=="
        }
      }
    },
    "react": {
      "version": "16.8.6",
      "resolved": "https://registry.npmjs.org/react/-/react-16.8.6.tgz",
      "integrity": "sha512-pC0uMkhLaHm11ZSJULfOBqV4tIZkx87ZLvbbQYunNixAAvjnC+snJCg0XQXn9VIsttVsbZP/H/ewzgsd5fxKXw=="
    },
    "react-dom": {
      "version": "16.8.6",
      "resolved": "https://registry.npmjs.org/react-dom/-/react-dom-16.8.6.tgz",
      "integrity": "sha512-1nL7PIq9LTL3fthPqwkvr2zY7phIPjYrT0jp4HjyEQrEROnw4dG41VVwi/wfoCneoleqrNX7iAD+pXebJZwrwA=="
    },
    "react-hot-loader": {
      "version": "3.1.3",
      "resolved": "https://registry.npmjs.org/react-hot-loader/-/react-hot-loader-3.1.3.tgz",
      "integrity": "sha512-d7nZf78irxoGN5PY4zd6CSgZiroOhvIWzRast3qwTn4sSnBwlt08kV8WMQ9mitmxEdlCTwZt+5ClrRSjxWguMQ==",
      "dev": true
    },
    "source-map-loader": {
      "version": "0.2.4",
      "resolved": "https://registry.npmjs.org/source-map-loader/-/source-map-loader-0.2.4.tgz",
      "integrity": "sha512-OU6UJUty+i2JDpTItnizPrlpOIBLmQbWMuBg9q5bVtnHACqw1tn9nNwqJLbv0/00JjnJb/Ee5g5WS5vrRv7zIQ==",
      "dev": true
    },
    "style-loader": {
      "version": "0.23.0",
      "resolved": "https://registry.npmjs.org/style-loader/-/style-loader-0.23.0.tgz",
      "integrity": "sha512-uCcN7XWHkqwGVt7skpInW6IGO1tG6ReyFQ1Cseh0VcN6VdcFQi62aG/2F3Y9ueA8x4IVlfaSUxpmQXQD9QrEuQ==",
      "dev": true
    },
    "ts-loader": {
      "version": "6.0.2",
      "resolved": "https://registry.npmjs.org/ts-loader/-/ts-loader-6.0.2.tgz",
      "integrity": "sha512-kkF3sGf3oBUehlvXI9fkbItbFTnNgGkYAz91vtWnsKAU4m+LAmQjuby7uTZNo3As+/zHLuyB052SkQDY6vLXtg==",
      "dev": true,
      "dependencies": {
        "ansi-styles": {
          "version": "3.2.1",
          "resolved": "https://registry.npmjs.org/ansi-styles/-/ansi-styles-3.2.1.tgz",
          "integrity": "sha512-VT0ZI6kZRdTh8YyJw3SMbYm/u+NqfsAxEpWO0Pf9sq8/e94WxxOpPKx9FR1FlyCtOVDNOQ+8ntlqFxiRc+r5qA=="
        },
        "chalk": {
          "version": "2.4.2",
          "resolved": "https://registry.npmjs.org/chalk/-/chalk-2.4.2.tgz",
          "integrity": "sha512-Mti+f9lpJNcwF4tWV8/OrTTtF1gZi+f8FqlyAdouralcFWFQWF2+NgCHShjkCb+IFBLq9buZwE1xckQU4peSuQ=="
        },
        "semver": {
          "version": "6.1.1",
          "resolved": "https://registry.npmjs.org/semver/-/semver-6.1.1.tgz",
          "integrity": "sha512-rWYq2e5iYW+fFe/oPPtYJxYgjBm8sC4rmoGdUOgBB7VnwKt6HrL793l2voH1UlsyYZpJ4g0wfjnTEO1s1NP2eQ=="
        },
        "supports-color": {
          "version": "5.5.0",
          "resolved": "https://registry.npmjs.org/supports-color/-/supports-color-5.5.0.tgz",
          "integrity": "sha512-QjVjwdXIt408MIiAqCX4oUKsgU2EqAGzs2Ppkm4aQYbjm+ZEWEcW4SfFNTr4uMNZma0ey4f5lgLrkB0aX0QMow=="
        }
      }
    },
    "typescript": {
      "version": "3.5.1",
      "resolved": "https://registry.npmjs.org/typescript/-/typescript-3.5.1.tgz",
      "integrity": "sha512-64HkdiRv1yYZsSe4xC1WVgamNigVYjlssIoaH2HcZF0+ijsk5YK2g0G34w9wJkze8+5ow4STd22AynfO6ZYYLw==",
      "dev": true
    },
    "webpack": {
      "version": "4.33.0",
      "resolved": "https://registry.npmjs.org/webpack/-/webpack-4.33.0.tgz",
      "integrity": "sha512-ggWMb0B2QUuYso6FPZKUohOgfm+Z0sVFs8WwWuSH1IAvkWs428VDNmOlAxvHGTB9Dm/qOB/qtE5cRx5y01clxw==",
      "dev": true,
      "dependencies": {
        "braces": {
          "version": "2.3.2",
          "resolved": "https://registry.npmjs.org/braces/-/braces-2.3.2.tgz",
          "integrity": "sha512-aNdbnj9P8PjdXU4ybaWLK2IF3jc/EoDYbC7AazW6to3TRsfXxscC9UXOB5iDiEQrkyIbWp2SLQda4+QAa7nc3w==",
          "dependencies": {
            "extend-shallow": {
              "version": "2.0.1",
              "resolved": "https://registry.npmjs.org/extend-shallow/-/extend-shallow-2.0.1.tgz",
              "integrity": "sha1-Ua99YUrZqfYQ6huvu5idaxxWiQ8="
            }
          }
        },
        "fill-range": {
          "version": "4.0.0",
          "resolved": "https://registry.npmjs.org/fill-range/-/fill-range-4.0.0.tgz",
          "integrity": "sha1-1USBHUKPmOsGpj3EAtJAPDKMOPc=",
          "dependencies": {
            "extend-shallow": {
              "version": "2.0.1",
              "resolved": "https://registry.npmjs.org/extend-shallow/-/extend-shallow-2.0.1.tgz",
              "integrity": "sha1-Ua99YUrZqfYQ6huvu5idaxxWiQ8="
            }
          }
        },
        "is-number": {
          "version": "3.0.0",
          "resolved": "https://registry.npmjs.org/is-number/-/is-number-3.0.0.tgz",
          "integrity": "sha1-JP1iAaR4LPUFYcgQJ2r8fRLXEZU=",
          "dependencies": {
            "kind-of": {
              "version": "3.2.2",
              "resolved": "https://registry.npmjs.org/kind-of/-/kind-of-3.2.2.tgz",
              "integrity": "sha1-MeohpzS6ubuw8yRm2JOupR5KPGQ="
            }
          }
        },
        "micromatch": {
          "version": "3.1.10",
          "resolved": "https://registry.npmjs.org/micromatch/-/micromatch-3.1.10.tgz",
          "integrity": "sha512-MWikgl9n9M3w+bpsY3He8L+w9eF9338xRl8IAO5viDizwSzziFEyUzo2xrrloB64ADbTf8uA8vRqqttDTOmccg=="
        },
        "schema-utils": {
          "version": "1.0.0",
          "resolved": "https://registry.npmjs.org/schema-utils/-/schema-utils-1.0.0.tgz",
          "integrity": "sha512-i27Mic4KovM/lnGsy8whRCHhc7VicJajAjTrYg11K9zfZXnYIt4k5F+kZkwjnrhKzLic/HLU4j11mjsz2G/75g=="
        },
        "to-regex-range": {
          "version": "2.1.1",
          "resolved": "https://registry.npmjs.org/to-regex-range/-/to-regex-range-2.1.1.tgz",
          "integrity": "sha1-fIDBe53+vlmeJzZ+DU3VWQFB2zg="
        }
      }
    },
    "webpack-cli": {
      "version": "3.3.2",
      "resolved": "https://registry.npmjs.org/webpack-cli/-/webpack-cli-3.3.2.tgz",
      "integrity": "sha512-FLkobnaJJ+03j5eplxlI0TUxhGCOdfewspIGuvDVtpOlrAuKMFC57K42Ukxqs1tn8947/PM6tP95gQc0DCzRYA==",
      "dev": true,
      "dependencies": {
        "ansi-styles": {
          "version": "3.2.1",
          "resolved": "https://registry.npmjs.org/ansi-styles/-/ansi-styles-3.2.1.tgz",
          "integrity": "sha512-VT0ZI6kZRdTh8YyJw3SMbYm/u+NqfsAxEpWO0Pf9sq8/e94WxxOpPKx9FR1FlyCtOVDNOQ+8ntlqFxiRc+r5qA=="
        },
        "chalk": {
          "version": "2.4.2",
          "resolved": "https://registry.npmjs.org/chalk/-/chalk-2.4.2.tgz",
          "integrity": "sha512-Mti+f9lpJNcwF4tWV8/OrTTtF1gZi+f8FqlyAdouralcFWFQWF2+NgCHShjkCb+IFBLq9buZwE1xckQU4peSuQ=="
        },
        "supports-color": {
          "version": "5.5.0",
          "resolved": "https://registry.npmjs.org/supports-color/-/supports-color-5.5.0.tgz",
          "integrity": "sha512-QjVjwdXIt408MIiAqCX4oUKsgU2EqAGzs2Ppkm4aQYbjm+ZEWEcW4SfFNTr4uMNZma0ey4f5lgLrkB0aX0QMow=="
        }
      }
    },
    "webpack-dev-server": {
      "version": "3.7.0",
      "resolved": "https://registry.npmjs.org/webpack-dev-server/-/webpack-dev-server-3.7.0.tgz",
      "integrity": "sha512-B/c/aJoyOlhjgeGnxTWeJlDBvIEN/aBI2R6G1DiFHVluEs0KtuxylFcoDR2K6Um/edo4/BvZqMXS2tK+U7fsHw==",
      "dev": true,
      "dependencies": {
        "schema-utils": {
          "version": "1.0.0",
          "resolved": "https://registry.npmjs.org/schema-utils/-/schema-utils-1.0.0.tgz",
          "integrity": "sha512-i27Mic4KovM/lnGsy8whRCHhc7VicJajAjTrYg11K9zfZXnYIt4k5F+kZkwjnrhKzLic/HLU4j11mjsz2G/75g=="
        },
        "semver": {
          "version": "6.1.1",
          "resolved": "https://registry.npmjs.org/semver/-/semver-6.1.1.tgz",
          "integrity": "sha512-rWYq2e5iYW+fFe/oPPtYJxYgjBm8sC4rmoGdUOgBB7VnwKt6HrL793l2voH1UlsyYZpJ4g0wfjnTEO1s1NP2eQ=="
        },
        "supports-color": {
          "version": "6.1.0",
          "resolved": "https://registry.npmjs.org/supports-color/-/supports-color-6.1.0.tgz",
          "integrity": "sha512-qe1jfm1Mg7Nq/NSh6XE24gPXROEVsWHxC1LIx//XNlD9iw7YZQGjZNjYN7xGaEG6iKdA8EtNFW6R0gjnVXp+wQ=="
        }
      }
    }
  }
}
